
Microsoft Visual Studio Solution File, Format Version 12.00
# Visual Studio 15
VisualStudioVersion = 15.0.28010.2046
MinimumVisualStudioVersion = 10.0.40219.1
Project("{FAE04EC0-301F-11D3-BF4B-00C04F79EFBC}") = "DRS_Mobile.Android", "DRS_Mobile\DRS_Mobile.Android\DRS_Mobile.Android.csproj", "{1077EB0F-E5AC-4A00-A0D2-85744F028669}"
EndProject
Project("{FAE04EC0-301F-11D3-BF4B-00C04F79EFBC}") = "DRS_Mobile.iOS", "DRS_Mobile\DRS_Mobile.iOS\DRS_Mobile.iOS.csproj", "{A7AE41BC-F039-4101-84B7-A4878B46061E}"
EndProject
Project("{FAE04EC0-301F-11D3-BF4B-00C04F79EFBC}") = "DRS_Mobile.UWP", "DRS_Mobile\DRS_Mobile.UWP\DRS_Mobile.UWP.csproj", "{B9A9D26B-56DE-4406-8F3C-404C0F610310}"
EndProject
Project("{FAE04EC0-301F-11D3-BF4B-00C04F79EFBC}") = "DRS_Mobile", "DRS_Mobile\DRS_Mobile\DRS_Mobile.csproj", "{F7910A7B-0429-4665-995A-A6BE4D79B07D}"
EndProject
Global
	GlobalSection(SolutionConfigurationPlatforms) = preSolution
		Ad-Hoc|Any CPU = Ad-Hoc|Any CPU
		Ad-Hoc|ARM = Ad-Hoc|ARM
		Ad-Hoc|iPhone = Ad-Hoc|iPhone
		Ad-Hoc|iPhoneSimulator = Ad-Hoc|iPhoneSimulator
		Ad-Hoc|x64 = Ad-Hoc|x64
		Ad-Hoc|x86 = Ad-Hoc|x86
		AppStore|Any CPU = AppStore|Any CPU
		AppStore|ARM = AppStore|ARM
		AppStore|iPhone = AppStore|iPhone
		AppStore|iPhoneSimulator = AppStore|iPhoneSimulator
		AppStore|x64 = AppStore|x64
		AppStore|x86 = AppStore|x86
		Debug|Any CPU = Debug|Any CPU
		Debug|ARM = Debug|ARM
		Debug|iPhone = Debug|iPhone
		Debug|iPhoneSimulator = Debug|iPhoneSimulator
		Debug|x64 = Debug|x64
		Debug|x86 = Debug|x86
		Release|Any CPU = Release|Any CPU
		Release|ARM = Release|ARM
		Release|iPhone = Release|iPhone
		Release|iPhoneSimulator = Release|iPhoneSimulator
		Release|x64 = Release|x64
		Release|x86 = Release|x86
	EndGlobalSection
	GlobalSection(ProjectConfigurationPlatforms) = postSolution
		{1077EB0F-E5AC-4A00-A0D2-85744F028669}.Ad-Hoc|Any CPU.ActiveCfg = Release|Any CPU
		{1077EB0F-E5AC-4A00-A0D2-85744F028669}.Ad-Hoc|Any CPU.Build.0 = Release|Any CPU
		{1077EB0F-E5AC-4A00-A0D2-85744F028669}.Ad-Hoc|Any CPU.Deploy.0 = Release|Any CPU
		{1077EB0F-E5AC-4A00-A0D2-85744F028669}.Ad-Hoc|ARM.ActiveCfg = Release|Any CPU
		{1077EB0F-E5AC-4A00-A0D2-85744F028669}.Ad-Hoc|ARM.Build.0 = Release|Any CPU
		{1077EB0F-E5AC-4A00-A0D2-85744F028669}.Ad-Hoc|ARM.Deploy.0 = Release|Any CPU
		{1077EB0F-E5AC-4A00-A0D2-85744F028669}.Ad-Hoc|iPhone.ActiveCfg = Release|Any CPU
		{1077EB0F-E5AC-4A00-A0D2-85744F028669}.Ad-Hoc|iPhone.Build.0 = Release|Any CPU
		{1077EB0F-E5AC-4A00-A0D2-85744F028669}.Ad-Hoc|iPhone.Deploy.0 = Release|Any CPU
		{1077EB0F-E5AC-4A00-A0D2-85744F028669}.Ad-Hoc|iPhoneSimulator.ActiveCfg = Release|Any CPU
		{1077EB0F-E5AC-4A00-A0D2-85744F028669}.Ad-Hoc|iPhoneSimulator.Build.0 = Release|Any CPU
		{1077EB0F-E5AC-4A00-A0D2-85744F028669}.Ad-Hoc|iPhoneSimulator.Deploy.0 = Release|Any CPU
		{1077EB0F-E5AC-4A00-A0D2-85744F028669}.Ad-Hoc|x64.ActiveCfg = Release|Any CPU
		{1077EB0F-E5AC-4A00-A0D2-85744F028669}.Ad-Hoc|x64.Build.0 = Release|Any CPU
		{1077EB0F-E5AC-4A00-A0D2-85744F028669}.Ad-Hoc|x64.Deploy.0 = Release|Any CPU
		{1077EB0F-E5AC-4A00-A0D2-85744F028669}.Ad-Hoc|x86.ActiveCfg = Release|Any CPU
		{1077EB0F-E5AC-4A00-A0D2-85744F028669}.Ad-Hoc|x86.Build.0 = Release|Any CPU
		{1077EB0F-E5AC-4A00-A0D2-85744F028669}.Ad-Hoc|x86.Deploy.0 = Release|Any CPU
		{1077EB0F-E5AC-4A00-A0D2-85744F028669}.AppStore|Any CPU.ActiveCfg = Release|Any CPU
		{1077EB0F-E5AC-4A00-A0D2-85744F028669}.AppStore|Any CPU.Build.0 = Release|Any CPU
		{1077EB0F-E5AC-4A00-A0D2-85744F028669}.AppStore|Any CPU.Deploy.0 = Release|Any CPU
		{1077EB0F-E5AC-4A00-A0D2-85744F028669}.AppStore|ARM.ActiveCfg = Release|Any CPU
		{1077EB0F-E5AC-4A00-A0D2-85744F028669}.AppStore|ARM.Build.0 = Release|Any CPU
		{1077EB0F-E5AC-4A00-A0D2-85744F028669}.AppStore|ARM.Deploy.0 = Release|Any CPU
		{1077EB0F-E5AC-4A00-A0D2-85744F028669}.AppStore|iPhone.ActiveCfg = Release|Any CPU
		{1077EB0F-E5AC-4A00-A0D2-85744F028669}.AppStore|iPhone.Build.0 = Release|Any CPU
		{1077EB0F-E5AC-4A00-A0D2-85744F028669}.AppStore|iPhone.Deploy.0 = Release|Any CPU
		{1077EB0F-E5AC-4A00-A0D2-85744F028669}.AppStore|iPhoneSimulator.ActiveCfg = Release|Any CPU
		{1077EB0F-E5AC-4A00-A0D2-85744F028669}.AppStore|iPhoneSimulator.Build.0 = Release|Any CPU
		{1077EB0F-E5AC-4A00-A0D2-85744F028669}.AppStore|iPhoneSimulator.Deploy.0 = Release|Any CPU
		{1077EB0F-E5AC-4A00-A0D2-85744F028669}.AppStore|x64.ActiveCfg = Release|Any CPU
		{1077EB0F-E5AC-4A00-A0D2-85744F028669}.AppStore|x64.Build.0 = Release|Any CPU
		{1077EB0F-E5AC-4A00-A0D2-85744F028669}.AppStore|x64.Deploy.0 = Release|Any CPU
		{1077EB0F-E5AC-4A00-A0D2-85744F028669}.AppStore|x86.ActiveCfg = Release|Any CPU
		{1077EB0F-E5AC-4A00-A0D2-85744F028669}.AppStore|x86.Build.0 = Release|Any CPU
		{1077EB0F-E5AC-4A00-A0D2-85744F028669}.AppStore|x86.Deploy.0 = Release|Any CPU
		{1077EB0F-E5AC-4A00-A0D2-85744F028669}.Debug|Any CPU.ActiveCfg = Debug|Any CPU
		{1077EB0F-E5AC-4A00-A0D2-85744F028669}.Debug|Any CPU.Build.0 = Debug|Any CPU
		{1077EB0F-E5AC-4A00-A0D2-85744F028669}.Debug|Any CPU.Deploy.0 = Debug|Any CPU
		{1077EB0F-E5AC-4A00-A0D2-85744F028669}.Debug|ARM.ActiveCfg = Debug|Any CPU
		{1077EB0F-E5AC-4A00-A0D2-85744F028669}.Debug|ARM.Build.0 = Debug|Any CPU
		{1077EB0F-E5AC-4A00-A0D2-85744F028669}.Debug|ARM.Deploy.0 = Debug|Any CPU
		{1077EB0F-E5AC-4A00-A0D2-85744F028669}.Debug|iPhone.ActiveCfg = Debug|Any CPU
		{1077EB0F-E5AC-4A00-A0D2-85744F028669}.Debug|iPhone.Build.0 = Debug|Any CPU
		{1077EB0F-E5AC-4A00-A0D2-85744F028669}.Debug|iPhone.Deploy.0 = Debug|Any CPU
		{1077EB0F-E5AC-4A00-A0D2-85744F028669}.Debug|iPhoneSimulator.ActiveCfg = Debug|Any CPU
		{1077EB0F-E5AC-4A00-A0D2-85744F028669}.Debug|iPhoneSimulator.Build.0 = Debug|Any CPU
		{1077EB0F-E5AC-4A00-A0D2-85744F028669}.Debug|iPhoneSimulator.Deploy.0 = Debug|Any CPU
		{1077EB0F-E5AC-4A00-A0D2-85744F028669}.Debug|x64.ActiveCfg = Debug|Any CPU
		{1077EB0F-E5AC-4A00-A0D2-85744F028669}.Debug|x64.Build.0 = Debug|Any CPU
		{1077EB0F-E5AC-4A00-A0D2-85744F028669}.Debug|x64.Deploy.0 = Debug|Any CPU
		{1077EB0F-E5AC-4A00-A0D2-85744F028669}.Debug|x86.ActiveCfg = Debug|Any CPU
		{1077EB0F-E5AC-4A00-A0D2-85744F028669}.Debug|x86.Build.0 = Debug|Any CPU
		{1077EB0F-E5AC-4A00-A0D2-85744F028669}.Debug|x86.Deploy.0 = Debug|Any CPU
		{1077EB0F-E5AC-4A00-A0D2-85744F028669}.Release|Any CPU.ActiveCfg = Release|Any CPU
		{1077EB0F-E5AC-4A00-A0D2-85744F028669}.Release|Any CPU.Build.0 = Release|Any CPU
		{1077EB0F-E5AC-4A00-A0D2-85744F028669}.Release|Any CPU.Deploy.0 = Release|Any CPU
		{1077EB0F-E5AC-4A00-A0D2-85744F028669}.Release|ARM.ActiveCfg = Release|Any CPU
		{1077EB0F-E5AC-4A00-A0D2-85744F028669}.Release|ARM.Build.0 = Release|Any CPU
		{1077EB0F-E5AC-4A00-A0D2-85744F028669}.Release|ARM.Deploy.0 = Release|Any CPU
		{1077EB0F-E5AC-4A00-A0D2-85744F028669}.Release|iPhone.ActiveCfg = Release|Any CPU
		{1077EB0F-E5AC-4A00-A0D2-85744F028669}.Release|iPhone.Build.0 = Release|Any CPU
		{1077EB0F-E5AC-4A00-A0D2-85744F028669}.Release|iPhone.Deploy.0 = Release|Any CPU
		{1077EB0F-E5AC-4A00-A0D2-85744F028669}.Release|iPhoneSimulator.ActiveCfg = Release|Any CPU
		{1077EB0F-E5AC-4A00-A0D2-85744F028669}.Release|iPhoneSimulator.Build.0 = Release|Any CPU
		{1077EB0F-E5AC-4A00-A0D2-85744F028669}.Release|iPhoneSimulator.Deploy.0 = Release|Any CPU
		{1077EB0F-E5AC-4A00-A0D2-85744F028669}.Release|x64.ActiveCfg = Release|Any CPU
		{1077EB0F-E5AC-4A00-A0D2-85744F028669}.Release|x64.Build.0 = Release|Any CPU
		{1077EB0F-E5AC-4A00-A0D2-85744F028669}.Release|x64.Deploy.0 = Release|Any CPU
		{1077EB0F-E5AC-4A00-A0D2-85744F028669}.Release|x86.ActiveCfg = Release|Any CPU
		{1077EB0F-E5AC-4A00-A0D2-85744F028669}.Release|x86.Build.0 = Release|Any CPU
		{1077EB0F-E5AC-4A00-A0D2-85744F028669}.Release|x86.Deploy.0 = Release|Any CPU
		{A7AE41BC-F039-4101-84B7-A4878B46061E}.Ad-Hoc|Any CPU.ActiveCfg = Ad-Hoc|iPhone
		{A7AE41BC-F039-4101-84B7-A4878B46061E}.Ad-Hoc|Any CPU.Build.0 = Ad-Hoc|iPhone
		{A7AE41BC-F039-4101-84B7-A4878B46061E}.Ad-Hoc|Any CPU.Deploy.0 = Ad-Hoc|iPhone
		{A7AE41BC-F039-4101-84B7-A4878B46061E}.Ad-Hoc|ARM.ActiveCfg = Ad-Hoc|iPhone
		{A7AE41BC-F039-4101-84B7-A4878B46061E}.Ad-Hoc|ARM.Build.0 = Ad-Hoc|iPhone
		{A7AE41BC-F039-4101-84B7-A4878B46061E}.Ad-Hoc|ARM.Deploy.0 = Ad-Hoc|iPhone
		{A7AE41BC-F039-4101-84B7-A4878B46061E}.Ad-Hoc|iPhone.ActiveCfg = Ad-Hoc|iPhone
		{A7AE41BC-F039-4101-84B7-A4878B46061E}.Ad-Hoc|iPhone.Build.0 = Ad-Hoc|iPhone
		{A7AE41BC-F039-4101-84B7-A4878B46061E}.Ad-Hoc|iPhone.Deploy.0 = Ad-Hoc|iPhone
		{A7AE41BC-F039-4101-84B7-A4878B46061E}.Ad-Hoc|iPhoneSimulator.ActiveCfg = Ad-Hoc|iPhoneSimulator
		{A7AE41BC-F039-4101-84B7-A4878B46061E}.Ad-Hoc|iPhoneSimulator.Build.0 = Ad-Hoc|iPhoneSimulator
		{A7AE41BC-F039-4101-84B7-A4878B46061E}.Ad-Hoc|iPhoneSimulator.Deploy.0 = Ad-Hoc|iPhoneSimulator
		{A7AE41BC-F039-4101-84B7-A4878B46061E}.Ad-Hoc|x64.ActiveCfg = Ad-Hoc|iPhone
		{A7AE41BC-F039-4101-84B7-A4878B46061E}.Ad-Hoc|x64.Build.0 = Ad-Hoc|iPhone
		{A7AE41BC-F039-4101-84B7-A4878B46061E}.Ad-Hoc|x64.Deploy.0 = Ad-Hoc|iPhone
		{A7AE41BC-F039-4101-84B7-A4878B46061E}.Ad-Hoc|x86.ActiveCfg = Ad-Hoc|iPhone
		{A7AE41BC-F039-4101-84B7-A4878B46061E}.Ad-Hoc|x86.Build.0 = Ad-Hoc|iPhone
		{A7AE41BC-F039-4101-84B7-A4878B46061E}.Ad-Hoc|x86.Deploy.0 = Ad-Hoc|iPhone
		{A7AE41BC-F039-4101-84B7-A4878B46061E}.AppStore|Any CPU.ActiveCfg = AppStore|iPhone
		{A7AE41BC-F039-4101-84B7-A4878B46061E}.AppStore|Any CPU.Build.0 = AppStore|iPhone
		{A7AE41BC-F039-4101-84B7-A4878B46061E}.AppStore|Any CPU.Deploy.0 = AppStore|iPhone
		{A7AE41BC-F039-4101-84B7-A4878B46061E}.AppStore|ARM.ActiveCfg = AppStore|iPhone
		{A7AE41BC-F039-4101-84B7-A4878B46061E}.AppStore|ARM.Build.0 = AppStore|iPhone
		{A7AE41BC-F039-4101-84B7-A4878B46061E}.AppStore|ARM.Deploy.0 = AppStore|iPhone
		{A7AE41BC-F039-4101-84B7-A4878B46061E}.AppStore|iPhone.ActiveCfg = AppStore|iPhone
		{A7AE41BC-F039-4101-84B7-A4878B46061E}.AppStore|iPhone.Build.0 = AppStore|iPhone
		{A7AE41BC-F039-4101-84B7-A4878B46061E}.AppStore|iPhone.Deploy.0 = AppStore|iPhone
		{A7AE41BC-F039-4101-84B7-A4878B46061E}.AppStore|iPhoneSimulator.ActiveCfg = AppStore|iPhoneSimulator
		{A7AE41BC-F039-4101-84B7-A4878B46061E}.AppStore|iPhoneSimulator.Build.0 = AppStore|iPhoneSimulator
		{A7AE41BC-F039-4101-84B7-A4878B46061E}.AppStore|iPhoneSimulator.Deploy.0 = AppStore|iPhoneSimulator
		{A7AE41BC-F039-4101-84B7-A4878B46061E}.AppStore|x64.ActiveCfg = AppStore|iPhone
		{A7AE41BC-F039-4101-84B7-A4878B46061E}.AppStore|x64.Build.0 = AppStore|iPhone
		{A7AE41BC-F039-4101-84B7-A4878B46061E}.AppStore|x64.Deploy.0 = AppStore|iPhone
		{A7AE41BC-F039-4101-84B7-A4878B46061E}.AppStore|x86.ActiveCfg = AppStore|iPhone
		{A7AE41BC-F039-4101-84B7-A4878B46061E}.AppStore|x86.Build.0 = AppStore|iPhone
		{A7AE41BC-F039-4101-84B7-A4878B46061E}.AppStore|x86.Deploy.0 = AppStore|iPhone
		{A7AE41BC-F039-4101-84B7-A4878B46061E}.Debug|Any CPU.ActiveCfg = Debug|iPhoneSimulator
		{A7AE41BC-F039-4101-84B7-A4878B46061E}.Debug|Any CPU.Deploy.0 = Debug|iPhoneSimulator
		{A7AE41BC-F039-4101-84B7-A4878B46061E}.Debug|ARM.ActiveCfg = Debug|iPhone
		{A7AE41BC-F039-4101-84B7-A4878B46061E}.Debug|ARM.Build.0 = Debug|iPhone
		{A7AE41BC-F039-4101-84B7-A4878B46061E}.Debug|ARM.Deploy.0 = Debug|iPhone
		{A7AE41BC-F039-4101-84B7-A4878B46061E}.Debug|iPhone.ActiveCfg = Debug|iPhone
		{A7AE41BC-F039-4101-84B7-A4878B46061E}.Debug|iPhone.Build.0 = Debug|iPhone
		{A7AE41BC-F039-4101-84B7-A4878B46061E}.Debug|iPhone.Deploy.0 = Debug|iPhone
		{A7AE41BC-F039-4101-84B7-A4878B46061E}.Debug|iPhoneSimulator.ActiveCfg = Debug|iPhoneSimulator
		{A7AE41BC-F039-4101-84B7-A4878B46061E}.Debug|iPhoneSimulator.Build.0 = Debug|iPhoneSimulator
		{A7AE41BC-F039-4101-84B7-A4878B46061E}.Debug|iPhoneSimulator.Deploy.0 = Debug|iPhoneSimulator
		{A7AE41BC-F039-4101-84B7-A4878B46061E}.Debug|x64.ActiveCfg = Debug|iPhone
		{A7AE41BC-F039-4101-84B7-A4878B46061E}.Debug|x64.Build.0 = Debug|iPhone
		{A7AE41BC-F039-4101-84B7-A4878B46061E}.Debug|x64.Deploy.0 = Debug|iPhone
		{A7AE41BC-F039-4101-84B7-A4878B46061E}.Debug|x86.ActiveCfg = Debug|iPhone
		{A7AE41BC-F039-4101-84B7-A4878B46061E}.Debug|x86.Build.0 = Debug|iPhone
		{A7AE41BC-F039-4101-84B7-A4878B46061E}.Debug|x86.Deploy.0 = Debug|iPhone
		{A7AE41BC-F039-4101-84B7-A4878B46061E}.Release|Any CPU.ActiveCfg = Release|iPhone
		{A7AE41BC-F039-4101-84B7-A4878B46061E}.Release|Any CPU.Build.0 = Release|iPhone
		{A7AE41BC-F039-4101-84B7-A4878B46061E}.Release|Any CPU.Deploy.0 = Release|iPhone
		{A7AE41BC-F039-4101-84B7-A4878B46061E}.Release|ARM.ActiveCfg = Release|iPhone
		{A7AE41BC-F039-4101-84B7-A4878B46061E}.Release|ARM.Build.0 = Release|iPhone
		{A7AE41BC-F039-4101-84B7-A4878B46061E}.Release|ARM.Deploy.0 = Release|iPhone
		{A7AE41BC-F039-4101-84B7-A4878B46061E}.Release|iPhone.ActiveCfg = Release|iPhone
		{A7AE41BC-F039-4101-84B7-A4878B46061E}.Release|iPhone.Build.0 = Release|iPhone
		{A7AE41BC-F039-4101-84B7-A4878B46061E}.Release|iPhone.Deploy.0 = Release|iPhone
		{A7AE41BC-F039-4101-84B7-A4878B46061E}.Release|iPhoneSimulator.ActiveCfg = Release|iPhoneSimulator
		{A7AE41BC-F039-4101-84B7-A4878B46061E}.Release|iPhoneSimulator.Build.0 = Release|iPhoneSimulator
		{A7AE41BC-F039-4101-84B7-A4878B46061E}.Release|iPhoneSimulator.Deploy.0 = Release|iPhoneSimulator
		{A7AE41BC-F039-4101-84B7-A4878B46061E}.Release|x64.ActiveCfg = Release|iPhone
		{A7AE41BC-F039-4101-84B7-A4878B46061E}.Release|x64.Build.0 = Release|iPhone
		{A7AE41BC-F039-4101-84B7-A4878B46061E}.Release|x64.Deploy.0 = Release|iPhone
		{A7AE41BC-F039-4101-84B7-A4878B46061E}.Release|x86.ActiveCfg = Release|iPhone
		{A7AE41BC-F039-4101-84B7-A4878B46061E}.Release|x86.Build.0 = Release|iPhone
		{A7AE41BC-F039-4101-84B7-A4878B46061E}.Release|x86.Deploy.0 = Release|iPhone
		{B9A9D26B-56DE-4406-8F3C-404C0F610310}.Ad-Hoc|Any CPU.ActiveCfg = Release|x86
		{B9A9D26B-56DE-4406-8F3C-404C0F610310}.Ad-Hoc|Any CPU.Build.0 = Release|x86
		{B9A9D26B-56DE-4406-8F3C-404C0F610310}.Ad-Hoc|Any CPU.Deploy.0 = Release|x86
		{B9A9D26B-56DE-4406-8F3C-404C0F610310}.Ad-Hoc|ARM.ActiveCfg = Release|ARM
		{B9A9D26B-56DE-4406-8F3C-404C0F610310}.Ad-Hoc|ARM.Build.0 = Release|ARM
		{B9A9D26B-56DE-4406-8F3C-404C0F610310}.Ad-Hoc|ARM.Deploy.0 = Release|ARM
		{B9A9D26B-56DE-4406-8F3C-404C0F610310}.Ad-Hoc|iPhone.ActiveCfg = Release|x86
		{B9A9D26B-56DE-4406-8F3C-404C0F610310}.Ad-Hoc|iPhone.Build.0 = Release|x86
		{B9A9D26B-56DE-4406-8F3C-404C0F610310}.Ad-Hoc|iPhone.Deploy.0 = Release|x86
		{B9A9D26B-56DE-4406-8F3C-404C0F610310}.Ad-Hoc|iPhoneSimulator.ActiveCfg = Release|x86
		{B9A9D26B-56DE-4406-8F3C-404C0F610310}.Ad-Hoc|iPhoneSimulator.Build.0 = Release|x86
		{B9A9D26B-56DE-4406-8F3C-404C0F610310}.Ad-Hoc|iPhoneSimulator.Deploy.0 = Release|x86
		{B9A9D26B-56DE-4406-8F3C-404C0F610310}.Ad-Hoc|x64.ActiveCfg = Release|x64
		{B9A9D26B-56DE-4406-8F3C-404C0F610310}.Ad-Hoc|x64.Build.0 = Release|x64
		{B9A9D26B-56DE-4406-8F3C-404C0F610310}.Ad-Hoc|x64.Deploy.0 = Release|x64
		{B9A9D26B-56DE-4406-8F3C-404C0F610310}.Ad-Hoc|x86.ActiveCfg = Release|x86
		{B9A9D26B-56DE-4406-8F3C-404C0F610310}.Ad-Hoc|x86.Build.0 = Release|x86
		{B9A9D26B-56DE-4406-8F3C-404C0F610310}.Ad-Hoc|x86.Deploy.0 = Release|x86
		{B9A9D26B-56DE-4406-8F3C-404C0F610310}.AppStore|Any CPU.ActiveCfg = Release|x86
		{B9A9D26B-56DE-4406-8F3C-404C0F610310}.AppStore|Any CPU.Build.0 = Release|x86
		{B9A9D26B-56DE-4406-8F3C-404C0F610310}.AppStore|Any CPU.Deploy.0 = Release|x86
		{B9A9D26B-56DE-4406-8F3C-404C0F610310}.AppStore|ARM.ActiveCfg = Release|ARM
		{B9A9D26B-56DE-4406-8F3C-404C0F610310}.AppStore|ARM.Build.0 = Release|ARM
		{B9A9D26B-56DE-4406-8F3C-404C0F610310}.AppStore|ARM.Deploy.0 = Release|ARM
		{B9A9D26B-56DE-4406-8F3C-404C0F610310}.AppStore|iPhone.ActiveCfg = Release|x86
		{B9A9D26B-56DE-4406-8F3C-404C0F610310}.AppStore|iPhone.Build.0 = Release|x86
		{B9A9D26B-56DE-4406-8F3C-404C0F610310}.AppStore|iPhone.Deploy.0 = Release|x86
		{B9A9D26B-56DE-4406-8F3C-404C0F610310}.AppStore|iPhoneSimulator.ActiveCfg = Release|x86
		{B9A9D26B-56DE-4406-8F3C-404C0F610310}.AppStore|iPhoneSimulator.Build.0 = Release|x86
		{B9A9D26B-56DE-4406-8F3C-404C0F610310}.AppStore|iPhoneSimulator.Deploy.0 = Release|x86
		{B9A9D26B-56DE-4406-8F3C-404C0F610310}.AppStore|x64.ActiveCfg = Release|x64
		{B9A9D26B-56DE-4406-8F3C-404C0F610310}.AppStore|x64.Build.0 = Release|x64
		{B9A9D26B-56DE-4406-8F3C-404C0F610310}.AppStore|x64.Deploy.0 = Release|x64
		{B9A9D26B-56DE-4406-8F3C-404C0F610310}.AppStore|x86.ActiveCfg = Release|x86
		{B9A9D26B-56DE-4406-8F3C-404C0F610310}.AppStore|x86.Build.0 = Release|x86
		{B9A9D26B-56DE-4406-8F3C-404C0F610310}.AppStore|x86.Deploy.0 = Release|x86
		{B9A9D26B-56DE-4406-8F3C-404C0F610310}.Debug|Any CPU.ActiveCfg = Debug|x64
		{B9A9D26B-56DE-4406-8F3C-404C0F610310}.Debug|Any CPU.Build.0 = Debug|x64
		{B9A9D26B-56DE-4406-8F3C-404C0F610310}.Debug|Any CPU.Deploy.0 = Debug|x64
		{B9A9D26B-56DE-4406-8F3C-404C0F610310}.Debug|ARM.ActiveCfg = Debug|ARM
		{B9A9D26B-56DE-4406-8F3C-404C0F610310}.Debug|ARM.Build.0 = Debug|ARM
		{B9A9D26B-56DE-4406-8F3C-404C0F610310}.Debug|ARM.Deploy.0 = Debug|ARM
		{B9A9D26B-56DE-4406-8F3C-404C0F610310}.Debug|iPhone.ActiveCfg = Debug|x86
		{B9A9D26B-56DE-4406-8F3C-404C0F610310}.Debug|iPhone.Build.0 = Debug|x86
		{B9A9D26B-56DE-4406-8F3C-404C0F610310}.Debug|iPhone.Deploy.0 = Debug|x86
		{B9A9D26B-56DE-4406-8F3C-404C0F610310}.Debug|iPhoneSimulator.ActiveCfg = Debug|x86
		{B9A9D26B-56DE-4406-8F3C-404C0F610310}.Debug|iPhoneSimulator.Build.0 = Debug|x86
		{B9A9D26B-56DE-4406-8F3C-404C0F610310}.Debug|iPhoneSimulator.Deploy.0 = Debug|x86
		{B9A9D26B-56DE-4406-8F3C-404C0F610310}.Debug|x64.ActiveCfg = Debug|x64
		{B9A9D26B-56DE-4406-8F3C-404C0F610310}.Debug|x64.Build.0 = Debug|x64
		{B9A9D26B-56DE-4406-8F3C-404C0F610310}.Debug|x64.Deploy.0 = Debug|x64
		{B9A9D26B-56DE-4406-8F3C-404C0F610310}.Debug|x86.ActiveCfg = Debug|x86
		{B9A9D26B-56DE-4406-8F3C-404C0F610310}.Debug|x86.Build.0 = Debug|x86
		{B9A9D26B-56DE-4406-8F3C-404C0F610310}.Debug|x86.Deploy.0 = Debug|x86
		{B9A9D26B-56DE-4406-8F3C-404C0F610310}.Release|Any CPU.ActiveCfg = Release|x86
		{B9A9D26B-56DE-4406-8F3C-404C0F610310}.Release|Any CPU.Build.0 = Release|x86
		{B9A9D26B-56DE-4406-8F3C-404C0F610310}.Release|Any CPU.Deploy.0 = Release|x86
		{B9A9D26B-56DE-4406-8F3C-404C0F610310}.Release|ARM.ActiveCfg = Release|ARM
		{B9A9D26B-56DE-4406-8F3C-404C0F610310}.Release|ARM.Build.0 = Release|ARM
		{B9A9D26B-56DE-4406-8F3C-404C0F610310}.Release|ARM.Deploy.0 = Release|ARM
		{B9A9D26B-56DE-4406-8F3C-404C0F610310}.Release|iPhone.ActiveCfg = Release|x86
		{B9A9D26B-56DE-4406-8F3C-404C0F610310}.Release|iPhone.Build.0 = Release|x86
		{B9A9D26B-56DE-4406-8F3C-404C0F610310}.Release|iPhone.Deploy.0 = Release|x86
		{B9A9D26B-56DE-4406-8F3C-404C0F610310}.Release|iPhoneSimulator.ActiveCfg = Release|x86
		{B9A9D26B-56DE-4406-8F3C-404C0F610310}.Release|iPhoneSimulator.Build.0 = Release|x86
		{B9A9D26B-56DE-4406-8F3C-404C0F610310}.Release|iPhoneSimulator.Deploy.0 = Release|x86
		{B9A9D26B-56DE-4406-8F3C-404C0F610310}.Release|x64.ActiveCfg = Release|x64
		{B9A9D26B-56DE-4406-8F3C-404C0F610310}.Release|x64.Build.0 = Release|x64
		{B9A9D26B-56DE-4406-8F3C-404C0F610310}.Release|x64.Deploy.0 = Release|x64
		{B9A9D26B-56DE-4406-8F3C-404C0F610310}.Release|x86.ActiveCfg = Release|x86
		{B9A9D26B-56DE-4406-8F3C-404C0F610310}.Release|x86.Build.0 = Release|x86
		{B9A9D26B-56DE-4406-8F3C-404C0F610310}.Release|x86.Deploy.0 = Release|x86
		{F7910A7B-0429-4665-995A-A6BE4D79B07D}.Ad-Hoc|Any CPU.ActiveCfg = Debug|Any CPU
		{F7910A7B-0429-4665-995A-A6BE4D79B07D}.Ad-Hoc|Any CPU.Build.0 = Debug|Any CPU
		{F7910A7B-0429-4665-995A-A6BE4D79B07D}.Ad-Hoc|Any CPU.Deploy.0 = Debug|Any CPU
		{F7910A7B-0429-4665-995A-A6BE4D79B07D}.Ad-Hoc|ARM.ActiveCfg = Debug|Any CPU
		{F7910A7B-0429-4665-995A-A6BE4D79B07D}.Ad-Hoc|ARM.Build.0 = Debug|Any CPU
		{F7910A7B-0429-4665-995A-A6BE4D79B07D}.Ad-Hoc|ARM.Deploy.0 = Debug|Any CPU
		{F7910A7B-0429-4665-995A-A6BE4D79B07D}.Ad-Hoc|iPhone.ActiveCfg = Debug|Any CPU
		{F7910A7B-0429-4665-995A-A6BE4D79B07D}.Ad-Hoc|iPhone.Build.0 = Debug|Any CPU
		{F7910A7B-0429-4665-995A-A6BE4D79B07D}.Ad-Hoc|iPhone.Deploy.0 = Debug|Any CPU
		{F7910A7B-0429-4665-995A-A6BE4D79B07D}.Ad-Hoc|iPhoneSimulator.ActiveCfg = Debug|Any CPU
		{F7910A7B-0429-4665-995A-A6BE4D79B07D}.Ad-Hoc|iPhoneSimulator.Build.0 = Debug|Any CPU
		{F7910A7B-0429-4665-995A-A6BE4D79B07D}.Ad-Hoc|iPhoneSimulator.Deploy.0 = Debug|Any CPU
		{F7910A7B-0429-4665-995A-A6BE4D79B07D}.Ad-Hoc|x64.ActiveCfg = Debug|Any CPU
		{F7910A7B-0429-4665-995A-A6BE4D79B07D}.Ad-Hoc|x64.Build.0 = Debug|Any CPU
		{F7910A7B-0429-4665-995A-A6BE4D79B07D}.Ad-Hoc|x64.Deploy.0 = Debug|Any CPU
		{F7910A7B-0429-4665-995A-A6BE4D79B07D}.Ad-Hoc|x86.ActiveCfg = Debug|Any CPU
		{F7910A7B-0429-4665-995A-A6BE4D79B07D}.Ad-Hoc|x86.Build.0 = Debug|Any CPU
		{F7910A7B-0429-4665-995A-A6BE4D79B07D}.Ad-Hoc|x86.Deploy.0 = Debug|Any CPU
		{F7910A7B-0429-4665-995A-A6BE4D79B07D}.AppStore|Any CPU.ActiveCfg = Debug|Any CPU
		{F7910A7B-0429-4665-995A-A6BE4D79B07D}.AppStore|Any CPU.Build.0 = Debug|Any CPU
		{F7910A7B-0429-4665-995A-A6BE4D79B07D}.AppStore|Any CPU.Deploy.0 = Debug|Any CPU
		{F7910A7B-0429-4665-995A-A6BE4D79B07D}.AppStore|ARM.ActiveCfg = Debug|Any CPU
		{F7910A7B-0429-4665-995A-A6BE4D79B07D}.AppStore|ARM.Build.0 = Debug|Any CPU
		{F7910A7B-0429-4665-995A-A6BE4D79B07D}.AppStore|ARM.Deploy.0 = Debug|Any CPU
		{F7910A7B-0429-4665-995A-A6BE4D79B07D}.AppStore|iPhone.ActiveCfg = Debug|Any CPU
		{F7910A7B-0429-4665-995A-A6BE4D79B07D}.AppStore|iPhone.Build.0 = Debug|Any CPU
		{F7910A7B-0429-4665-995A-A6BE4D79B07D}.AppStore|iPhone.Deploy.0 = Debug|Any CPU
		{F7910A7B-0429-4665-995A-A6BE4D79B07D}.AppStore|iPhoneSimulator.ActiveCfg = Debug|Any CPU
		{F7910A7B-0429-4665-995A-A6BE4D79B07D}.AppStore|iPhoneSimulator.Build.0 = Debug|Any CPU
		{F7910A7B-0429-4665-995A-A6BE4D79B07D}.AppStore|iPhoneSimulator.Deploy.0 = Debug|Any CPU
		{F7910A7B-0429-4665-995A-A6BE4D79B07D}.AppStore|x64.ActiveCfg = Debug|Any CPU
		{F7910A7B-0429-4665-995A-A6BE4D79B07D}.AppStore|x64.Build.0 = Debug|Any CPU
		{F7910A7B-0429-4665-995A-A6BE4D79B07D}.AppStore|x64.Deploy.0 = Debug|Any CPU
		{F7910A7B-0429-4665-995A-A6BE4D79B07D}.AppStore|x86.ActiveCfg = Debug|Any CPU
		{F7910A7B-0429-4665-995A-A6BE4D79B07D}.AppStore|x86.Build.0 = Debug|Any CPU
		{F7910A7B-0429-4665-995A-A6BE4D79B07D}.AppStore|x86.Deploy.0 = Debug|Any CPU
		{F7910A7B-0429-4665-995A-A6BE4D79B07D}.Debug|Any CPU.ActiveCfg = Debug|Any CPU
		{F7910A7B-0429-4665-995A-A6BE4D79B07D}.Debug|Any CPU.Build.0 = Debug|Any CPU
		{F7910A7B-0429-4665-995A-A6BE4D79B07D}.Debug|Any CPU.Deploy.0 = Debug|Any CPU
		{F7910A7B-0429-4665-995A-A6BE4D79B07D}.Debug|ARM.ActiveCfg = Debug|Any CPU
		{F7910A7B-0429-4665-995A-A6BE4D79B07D}.Debug|ARM.Build.0 = Debug|Any CPU
		{F7910A7B-0429-4665-995A-A6BE4D79B07D}.Debug|ARM.Deploy.0 = Debug|Any CPU
		{F7910A7B-0429-4665-995A-A6BE4D79B07D}.Debug|iPhone.ActiveCfg = Debug|Any CPU
		{F7910A7B-0429-4665-995A-A6BE4D79B07D}.Debug|iPhone.Build.0 = Debug|Any CPU
		{F7910A7B-0429-4665-995A-A6BE4D79B07D}.Debug|iPhone.Deploy.0 = Debug|Any CPU
		{F7910A7B-0429-4665-995A-A6BE4D79B07D}.Debug|iPhoneSimulator.ActiveCfg = Debug|Any CPU
		{F7910A7B-0429-4665-995A-A6BE4D79B07D}.Debug|iPhoneSimulator.Build.0 = Debug|Any CPU
		{F7910A7B-0429-4665-995A-A6BE4D79B07D}.Debug|iPhoneSimulator.Deploy.0 = Debug|Any CPU
		{F7910A7B-0429-4665-995A-A6BE4D79B07D}.Debug|x64.ActiveCfg = Debug|Any CPU
		{F7910A7B-0429-4665-995A-A6BE4D79B07D}.Debug|x64.Build.0 = Debug|Any CPU
		{F7910A7B-0429-4665-995A-A6BE4D79B07D}.Debug|x64.Deploy.0 = Debug|Any CPU
		{F7910A7B-0429-4665-995A-A6BE4D79B07D}.Debug|x86.ActiveCfg = Debug|Any CPU
		{F7910A7B-0429-4665-995A-A6BE4D79B07D}.Debug|x86.Build.0 = Debug|Any CPU
		{F7910A7B-0429-4665-995A-A6BE4D79B07D}.Debug|x86.Deploy.0 = Debug|Any CPU
		{F7910A7B-0429-4665-995A-A6BE4D79B07D}.Release|Any CPU.ActiveCfg = Release|Any CPU
		{F7910A7B-0429-4665-995A-A6BE4D79B07D}.Release|Any CPU.Build.0 = Release|Any CPU
		{F7910A7B-0429-4665-995A-A6BE4D79B07D}.Release|Any CPU.Deploy.0 = Release|Any CPU
		{F7910A7B-0429-4665-995A-A6BE4D79B07D}.Release|ARM.ActiveCfg = Release|Any CPU
		{F7910A7B-0429-4665-995A-A6BE4D79B07D}.Release|ARM.Build.0 = Release|Any CPU
		{F7910A7B-0429-4665-995A-A6BE4D79B07D}.Release|ARM.Deploy.0 = Release|Any CPU
		{F7910A7B-0429-4665-995A-A6BE4D79B07D}.Release|iPhone.ActiveCfg = Release|Any CPU
		{F7910A7B-0429-4665-995A-A6BE4D79B07D}.Release|iPhone.Build.0 = Release|Any CPU
		{F7910A7B-0429-4665-995A-A6BE4D79B07D}.Release|iPhone.Deploy.0 = Release|Any CPU
		{F7910A7B-0429-4665-995A-A6BE4D79B07D}.Release|iPhoneSimulator.ActiveCfg = Release|Any CPU
		{F7910A7B-0429-4665-995A-A6BE4D79B07D}.Release|iPhoneSimulator.Build.0 = Release|Any CPU
		{F7910A7B-0429-4665-995A-A6BE4D79B07D}.Release|iPhoneSimulator.Deploy.0 = Release|Any CPU
		{F7910A7B-0429-4665-995A-A6BE4D79B07D}.Release|x64.ActiveCfg = Release|Any CPU
		{F7910A7B-0429-4665-995A-A6BE4D79B07D}.Release|x64.Build.0 = Release|Any CPU
		{F7910A7B-0429-4665-995A-A6BE4D79B07D}.Release|x64.Deploy.0 = Release|Any CPU
		{F7910A7B-0429-4665-995A-A6BE4D79B07D}.Release|x86.ActiveCfg = Release|Any CPU
		{F7910A7B-0429-4665-995A-A6BE4D79B07D}.Release|x86.Build.0 = Release|Any CPU
		{F7910A7B-0429-4665-995A-A6BE4D79B07D}.Release|x86.Deploy.0 = Release|Any CPU
	EndGlobalSection
	GlobalSection(SolutionProperties) = preSolution
		HideSolutionNode = FALSE
	EndGlobalSection
	GlobalSection(ExtensibilityGlobals) = postSolution
		SolutionGuid = {E772DB10-C5C5-4C71-9BCB-03F4F1CB22A1}
	EndGlobalSection
EndGlobal
